
Microsoft Visual Studio Solution File, Format Version 12.00
# Visual Studio Version 16
VisualStudioVersion = 16.0.30104.148
MinimumVisualStudioVersion = 10.0.40219.1
Project("{FAE04EC0-301F-11D3-BF4B-00C04F79EFBC}") = "ShoppingCart", "ShoppingCart\ShoppingCart.csproj", "{5B86D9DD-4D7A-4762-A935-6F6F30AFEBDB}"
EndProject
Project("{FAE04EC0-301F-11D3-BF4B-00C04F79EFBC}") = "ShoppingCart.Test", "ShoppingCart.Test\ShoppingCart.Test.csproj", "{9D8820D1-3434-440A-BAAA-ACCDE6EF1BC3}"
EndProject
Global
	GlobalSection(SolutionConfigurationPlatforms) = preSolution
		Debug|Any CPU = Debug|Any CPU
		Release|Any CPU = Release|Any CPU
	EndGlobalSection
	GlobalSection(ProjectConfigurationPlatforms) = postSolution
		{5B86D9DD-4D7A-4762-A935-6F6F30AFEBDB}.Debug|Any CPU.ActiveCfg = Debug|Any CPU
		{5B86D9DD-4D7A-4762-A935-6F6F30AFEBDB}.Debug|Any CPU.Build.0 = Debug|Any CPU
		{5B86D9DD-4D7A-4762-A935-6F6F30AFEBDB}.Release|Any CPU.ActiveCfg = Release|Any CPU
		{5B86D9DD-4D7A-4762-A935-6F6F30AFEBDB}.Release|Any CPU.Build.0 = Release|Any CPU
		{9D8820D1-3434-440A-BAAA-ACCDE6EF1BC3}.Debug|Any CPU.ActiveCfg = Debug|Any CPU
		{9D8820D1-3434-440A-BAAA-ACCDE6EF1BC3}.Debug|Any CPU.Build.0 = Debug|Any CPU
		{9D8820D1-3434-440A-BAAA-ACCDE6EF1BC3}.Release|Any CPU.ActiveCfg = Release|Any CPU
		{9D8820D1-3434-440A-BAAA-ACCDE6EF1BC3}.Release|Any CPU.Build.0 = Release|Any CPU
	EndGlobalSection
	GlobalSection(SolutionProperties) = preSolution
		HideSolutionNode = FALSE
	EndGlobalSection
	GlobalSection(ExtensibilityGlobals) = postSolution
		SolutionGuid = {68643474-A4CD-4656-9343-18BC926604F0}
	EndGlobalSection
EndGlobal
